// !$*UTF8*$!
{
	archiveVersion = 1;
	classes = {
	};
	objectVersion = 55;
	objects = {

/* Begin PBXBuildFile section */
		8F3B4ECD288B51D600BB222D /* AppDelegate.swift in Sources */ = {isa = PBXBuildFile; fileRef = 8F3B4ECC288B51D600BB222D /* AppDelegate.swift */; };
		8F3B4ECF288B51D600BB222D /* SceneDelegate.swift in Sources */ = {isa = PBXBuildFile; fileRef = 8F3B4ECE288B51D600BB222D /* SceneDelegate.swift */; };
		8F3B4ED1288B51D600BB222D /* ViewController.swift in Sources */ = {isa = PBXBuildFile; fileRef = 8F3B4ED0288B51D600BB222D /* ViewController.swift */; };
		8F3B4ED4288B51D600BB222D /* Main.storyboard in Resources */ = {isa = PBXBuildFile; fileRef = 8F3B4ED2288B51D600BB222D /* Main.storyboard */; };
		8F3B4ED6288B51D800BB222D /* Assets.xcassets in Resources */ = {isa = PBXBuildFile; fileRef = 8F3B4ED5288B51D800BB222D /* Assets.xcassets */; };
		8F3B4ED9288B51D800BB222D /* LaunchScreen.storyboard in Resources */ = {isa = PBXBuildFile; fileRef = 8F3B4ED7288B51D800BB222D /* LaunchScreen.storyboard */; };
		8F3B4EE5288B52D500BB222D /* tajmahal.jpeg in Resources */ = {isa = PBXBuildFile; fileRef = 8F3B4EE0288B52D500BB222D /* tajmahal.jpeg */; };
		8F3B4EE6288B52D500BB222D /* greatwall.jpeg in Resources */ = {isa = PBXBuildFile; fileRef = 8F3B4EE1288B52D500BB222D /* greatwall.jpeg */; };
		8F3B4EE7288B52D500BB222D /* colosseum.jpeg in Resources */ = {isa = PBXBuildFile; fileRef = 8F3B4EE2288B52D500BB222D /* colosseum.jpeg */; };
		8F3B4EE8288B52D500BB222D /* kremlin.jpeg in Resources */ = {isa = PBXBuildFile; fileRef = 8F3B4EE3288B52D500BB222D /* kremlin.jpeg */; };
		8F3B4EE9288B52D500BB222D /* stonehenge.jpeg in Resources */ = {isa = PBXBuildFile; fileRef = 8F3B4EE4288B52D500BB222D /* stonehenge.jpeg */; };
		8F3B4EEB288B6C0100BB222D /* imageViewController.swift in Sources */ = {isa = PBXBuildFile; fileRef = 8F3B4EEA288B6C0100BB222D /* imageViewController.swift */; };
/* End PBXBuildFile section */

/* Begin PBXFileReference section */
		8F3B4EC9288B51D600BB222D /* LandmarkBook.app */ = {isa = PBXFileReference; explicitFileType = wrapper.application; includeInIndex = 0; path = LandmarkBook.app; sourceTree = BUILT_PRODUCTS_DIR; };
		8F3B4ECC288B51D600BB222D /* AppDelegate.swift */ = {isa = PBXFileReference; lastKnownFileType = sourcecode.swift; path = AppDelegate.swift; sourceTree = "<group>"; };
		8F3B4ECE288B51D600BB222D /* SceneDelegate.swift */ = {isa = PBXFileReference; lastKnownFileType = sourcecode.swift; path = SceneDelegate.swift; sourceTree = "<group>"; };
		8F3B4ED0288B51D600BB222D /* ViewController.swift */ = {isa = PBXFileReference; lastKnownFileType = sourcecode.swift; path = ViewController.swift; sourceTree = "<group>"; };
		8F3B4ED3288B51D600BB222D /* Base */ = {isa = PBXFileReference; lastKnownFileType = file.storyboard; name = Base; path = Base.lproj/Main.storyboard; sourceTree = "<group>"; };
		8F3B4ED5288B51D800BB222D /* Assets.xcassets */ = {isa = PBXFileReference; lastKnownFileType = folder.assetcatalog; path = Assets.xcassets; sourceTree = "<group>"; };
		8F3B4ED8288B51D800BB222D /* Base */ = {isa = PBXFileReference; lastKnownFileType = file.storyboard; name = Base; path = Base.lproj/LaunchScreen.storyboard; sourceTree = "<group>"; };
		8F3B4EDA288B51D800BB222D /* Info.plist */ = {isa = PBXFileReference; lastKnownFileType = text.plist.xml; path = Info.plist; sourceTree = "<group>"; };
		8F3B4EE0288B52D500BB222D /* tajmahal.jpeg */ = {isa = PBXFileReference; lastKnownFileType = image.jpeg; path = tajmahal.jpeg; sourceTree = "<group>"; };
		8F3B4EE1288B52D500BB222D /* greatwall.jpeg */ = {isa = PBXFileReference; lastKnownFileType = image.jpeg; path = greatwall.jpeg; sourceTree = "<group>"; };
		8F3B4EE2288B52D500BB222D /* colosseum.jpeg */ = {isa = PBXFileReference; lastKnownFileType = image.jpeg; path = colosseum.jpeg; sourceTree = "<group>"; };
		8F3B4EE3288B52D500BB222D /* kremlin.jpeg */ = {isa = PBXFileReference; lastKnownFileType = image.jpeg; path = kremlin.jpeg; sourceTree = "<group>"; };
		8F3B4EE4288B52D500BB222D /* stonehenge.jpeg */ = {isa = PBXFileReference; lastKnownFileType = image.jpeg; path = stonehenge.jpeg; sourceTree = "<group>"; };
		8F3B4EEA288B6C0100BB222D /* imageViewController.swift */ = {isa = PBXFileReference; lastKnownFileType = sourcecode.swift; path = imageViewController.swift; sourceTree = "<group>"; };
/* End PBXFileReference section */

/* Begin PBXFrameworksBuildPhase section */
		8F3B4EC6288B51D600BB222D /* Frameworks */ = {
			isa = PBXFrameworksBuildPhase;
			buildActionMask = 2147483647;
			files = (
			);
			runOnlyForDeploymentPostprocessing = 0;
		};
/* End PBXFrameworksBuildPhase section */

/* Begin PBXGroup section */
		8F3B4EC0288B51D600BB222D = {
			isa = PBXGroup;
			children = (
				8F3B4ECB288B51D600BB222D /* LandmarkBook */,
				8F3B4ECA288B51D600BB222D /* Products */,
			);
			sourceTree = "<group>";
		};
		8F3B4ECA288B51D600BB222D /* Products */ = {
			isa = PBXGroup;
			children = (
				8F3B4EC9288B51D600BB222D /* LandmarkBook.app */,
			);
			name = Products;
			sourceTree = "<group>";
		};
		8F3B4ECB288B51D600BB222D /* LandmarkBook */ = {
			isa = PBXGroup;
			children = (
				8F3B4ECC288B51D600BB222D /* AppDelegate.swift */,
				8F3B4ECE288B51D600BB222D /* SceneDelegate.swift */,
				8F3B4ED0288B51D600BB222D /* ViewController.swift */,
				8F3B4EE2288B52D500BB222D /* colosseum.jpeg */,
				8F3B4EE1288B52D500BB222D /* greatwall.jpeg */,
				8F3B4EE3288B52D500BB222D /* kremlin.jpeg */,
				8F3B4EE4288B52D500BB222D /* stonehenge.jpeg */,
				8F3B4EE0288B52D500BB222D /* tajmahal.jpeg */,
				8F3B4ED2288B51D600BB222D /* Main.storyboard */,
				8F3B4ED5288B51D800BB222D /* Assets.xcassets */,
				8F3B4ED7288B51D800BB222D /* LaunchScreen.storyboard */,
				8F3B4EDA288B51D800BB222D /* Info.plist */,
				8F3B4EEA288B6C0100BB222D /* imageViewController.swift */,
			);
			path = LandmarkBook;
			sourceTree = "<group>";
		};
/* End PBXGroup section */

/* Begin PBXNativeTarget section */
		8F3B4EC8288B51D600BB222D /* LandmarkBook */ = {
			isa = PBXNativeTarget;
			buildConfigurationList = 8F3B4EDD288B51D800BB222D /* Build configuration list for PBXNativeTarget "LandmarkBook" */;
			buildPhases = (
				8F3B4EC5288B51D600BB222D /* Sources */,
				8F3B4EC6288B51D600BB222D /* Frameworks */,
				8F3B4EC7288B51D600BB222D /* Resources */,
			);
			buildRules = (
			);
			dependencies = (
			);
			name = LandmarkBook;
			productName = LandmarkBook;
			productReference = 8F3B4EC9288B51D600BB222D /* LandmarkBook.app */;
			productType = "com.apple.product-type.application";
		};
/* End PBXNativeTarget section */

/* Begin PBXProject section */
		8F3B4EC1288B51D600BB222D /* Project object */ = {
			isa = PBXProject;
			attributes = {
				BuildIndependentTargetsInParallel = 1;
				LastSwiftUpdateCheck = 1340;
				LastUpgradeCheck = 1340;
				TargetAttributes = {
					8F3B4EC8288B51D600BB222D = {
						CreatedOnToolsVersion = 13.4.1;
					};
				};
			};
			buildConfigurationList = 8F3B4EC4288B51D600BB222D /* Build configuration list for PBXProject "LandmarkBook" */;
			compatibilityVersion = "Xcode 13.0";
			developmentRegion = en;
			hasScannedForEncodings = 0;
			knownRegions = (
				en,
				Base,
			);
			mainGroup = 8F3B4EC0288B51D600BB222D;
			productRefGroup = 8F3B4ECA288B51D600BB222D /* Products */;
			projectDirPath = "";
			projectRoot = "";
			targets = (
				8F3B4EC8288B51D600BB222D /* LandmarkBook */,
			);
		};
/* End PBXProject section */

/* Begin PBXResourcesBuildPhase section */
		8F3B4EC7288B51D600BB222D /* Resources */ = {
			isa = PBXResourcesBuildPhase;
			buildActionMask = 2147483647;
			files = (
				8F3B4ED9288B51D800BB222D /* LaunchScreen.storyboard in Resources */,
				8F3B4EE6288B52D500BB222D /* greatwall.jpeg in Resources */,
				8F3B4EE7288B52D500BB222D /* colosseum.jpeg in Resources */,
				8F3B4EE9288B52D500BB222D /* stonehenge.jpeg in Resources */,
				8F3B4EE8288B52D500BB222D /* kremlin.jpeg in Resources */,
				8F3B4ED6288B51D800BB222D /* Assets.xcassets in Resources */,
				8F3B4ED4288B51D600BB222D /* Main.storyboard in Resources */,
				8F3B4EE5288B52D500BB222D /* tajmahal.jpeg in Resources */,
			);
			runOnlyForDeploymentPostprocessing = 0;
		};
/* End PBXResourcesBuildPhase section */

/* Begin PBXSourcesBuildPhase section */
		8F3B4EC5288B51D600BB222D /* Sources */ = {
			isa = PBXSourcesBuildPhase;
			buildActionMask = 2147483647;
			files = (
				8F3B4ED1288B51D600BB222D /* ViewController.swift in Sources */,
				8F3B4ECD288B51D600BB222D /* AppDelegate.swift in Sources */,
				8F3B4EEB288B6C0100BB222D /* imageViewController.swift in Sources */,
				8F3B4ECF288B51D600BB222D /* SceneDelegate.swift in Sources */,
			);
			runOnlyForDeploymentPostprocessing = 0;
		};
/* End PBXSourcesBuildPhase section */

/* Begin PBXVariantGroup section */
		8F3B4ED2288B51D600BB222D /* Main.storyboard */ = {
			isa = PBXVariantGroup;
			children = (
				8F3B4ED3288B51D600BB222D /* Base */,
			);
			name = Main.storyboard;
			sourceTree = "<group>";
		};
		8F3B4ED7288B51D800BB222D /* LaunchScreen.storyboard */ = {
			isa = PBXVariantGroup;
			children = (
				8F3B4ED8288B51D800BB222D /* Base */,
			);
			name = LaunchScreen.storyboard;
			sourceTree = "<group>";
		};
/* End PBXVariantGroup section */

/* Begin XCBuildConfiguration section */
		8F3B4EDB288B51D800BB222D /* Debug */ = {
			isa = XCBuildConfiguration;
			buildSettings = {
				ALWAYS_SEARCH_USER_PATHS = NO;
				CLANG_ANALYZER_NONNULL = YES;
				CLANG_ANALYZER_NUMBER_OBJECT_CONVERSION = YES_AGGRESSIVE;
				CLANG_CXX_LANGUAGE_STANDARD = "gnu++17";
				CLANG_ENABLE_MODULES = YES;
				CLANG_ENABLE_OBJC_ARC = YES;
				CLANG_ENABLE_OBJC_WEAK = YES;
				CLANG_WARN_BLOCK_CAPTURE_AUTORELEASING = YES;
				CLANG_WARN_BOOL_CONVERSION = YES;
				CLANG_WARN_COMMA = YES;
				CLANG_WARN_CONSTANT_CONVERSION = YES;
				CLANG_WARN_DEPRECATED_OBJC_IMPLEMENTATIONS = YES;
				CLANG_WARN_DIRECT_OBJC_ISA_USAGE = YES_ERROR;
				CLANG_WARN_DOCUMENTATION_COMMENTS = YES;
				CLANG_WARN_EMPTY_BODY = YES;
				CLANG_WARN_ENUM_CONVERSION = YES;
				CLANG_WARN_INFINITE_RECURSION = YES;
				CLANG_WARN_INT_CONVERSION = YES;
				CLANG_WARN_NON_LITERAL_NULL_CONVERSION = YES;
				CLANG_WARN_OBJC_IMPLICIT_RETAIN_SELF = YES;
				CLANG_WARN_OBJC_LITERAL_CONVERSION = YES;
				CLANG_WARN_OBJC_ROOT_CLASS = YES_ERROR;
				CLANG_WARN_QUOTED_INCLUDE_IN_FRAMEWORK_HEADER = YES;
				CLANG_WARN_RANGE_LOOP_ANALYSIS = YES;
				CLANG_WARN_STRICT_PROTOTYPES = YES;
				CLANG_WARN_SUSPICIOUS_MOVE = YES;
				CLANG_WARN_UNGUARDED_AVAILABILITY = YES_AGGRESSIVE;
				CLANG_WARN_UNREACHABLE_CODE = YES;
				CLANG_WARN__DUPLICATE_METHOD_MATCH = YES;
				COPY_PHASE_STRIP = NO;
				DEBUG_INFORMATION_FORMAT = dwarf;
				ENABLE_STRICT_OBJC_MSGSEND = YES;
				ENABLE_TESTABILITY = YES;
				GCC_C_LANGUAGE_STANDARD = gnu11;
				GCC_DYNAMIC_NO_PIC = NO;
				GCC_NO_COMMON_BLOCKS = YES;
				GCC_OPTIMIZATION_LEVEL = 0;
				GCC_PREPROCESSOR_DEFINITIONS = (
					"DEBUG=1",
					"$(inherited)",
				);
				GCC_WARN_64_TO_32_BIT_CONVERSION = YES;
				GCC_WARN_ABOUT_RETURN_TYPE = YES_ERROR;
				GCC_WARN_UNDECLARED_SELECTOR = YES;
				GCC_WARN_UNINITIALIZED_AUTOS = YES_AGGRESSIVE;
				GCC_WARN_UNUSED_FUNCTION = YES;
				GCC_WARN_UNUSED_VARIABLE = YES;
				IPHONEOS_DEPLOYMENT_TARGET = 15.5;
				MTL_ENABLE_DEBUG_INFO = INCLUDE_SOURCE;
				MTL_FAST_MATH = YES;
				ONLY_ACTIVE_ARCH = YES;
				SDKROOT = iphoneos;
				SWIFT_ACTIVE_COMPILATION_CONDITIONS = DEBUG;
				SWIFT_OPTIMIZATION_LEVEL = "-Onone";
			};
			name = Debug;
		};
		8F3B4EDC288B51D800BB222D /* Release */ = {
			isa = XCBuildConfiguration;
			buildSettings = {
				ALWAYS_SEARCH_USER_PATHS = NO;
				CLANG_ANALYZER_NONNULL = YES;
				CLANG_ANALYZER_NUMBER_OBJECT_CONVERSION = YES_AGGRESSIVE;
				CLANG_CXX_LANGUAGE_STANDARD = "gnu++17";
				CLANG_ENABLE_MODULES = YES;
				CLANG_ENABLE_OBJC_ARC = YES;
				CLANG_ENABLE_OBJC_WEAK = YES;
				CLANG_WARN_BLOCK_CAPTURE_AUTORELEASING = YES;
				CLANG_WARN_BOOL_CONVERSION = YES;
				CLANG_WARN_COMMA = YES;
				CLANG_WARN_CONSTANT_CONVERSION = YES;
				CLANG_WARN_DEPRECATED_OBJC_IMPLEMENTATIONS = YES;
				CLANG_WARN_DIRECT_OBJC_ISA_USAGE = YES_ERROR;
				CLANG_WARN_DOCUMENTATION_COMMENTS = YES;
				CLANG_WARN_EMPTY_BODY = YES;
				CLANG_WARN_ENUM_CONVERSION = YES;
				CLANG_WARN_INFINITE_RECURSION = YES;
				CLANG_WARN_INT_CONVERSION = YES;
				CLANG_WARN_NON_LITERAL_NULL_CONVERSION = YES;
				CLANG_WARN_OBJC_IMPLICIT_RETAIN_SELF = YES;
				CLANG_WARN_OBJC_LITERAL_CONVERSION = YES;
				CLANG_WARN_OBJC_ROOT_CLASS = YES_ERROR;
				CLANG_WARN_QUOTED_INCLUDE_IN_FRAMEWORK_HEADER = YES;
				CLANG_WARN_RANGE_LOOP_ANALYSIS = YES;
				CLANG_WARN_STRICT_PROTOTYPES = YES;
				CLANG_WARN_SUSPICIOUS_MOVE = YES;
				CLANG_WARN_UNGUARDED_AVAILABILITY = YES_AGGRESSIVE;
				CLANG_WARN_UNREACHABLE_CODE = YES;
				CLANG_WARN__DUPLICATE_METHOD_MATCH = YES;
				COPY_PHASE_STRIP = NO;
				DEBUG_INFORMATION_FORMAT = "dwarf-with-dsym";
				ENABLE_NS_ASSERTIONS = NO;
				ENABLE_STRICT_OBJC_MSGSEND = YES;
				GCC_C_LANGUAGE_STANDARD = gnu11;
				GCC_NO_COMMON_BLOCKS = YES;
				GCC_WARN_64_TO_32_BIT_CONVERSION = YES;
				GCC_WARN_ABOUT_RETURN_TYPE = YES_ERROR;
				GCC_WARN_UNDECLARED_SELECTOR = YES;
				GCC_WARN_UNINITIALIZED_AUTOS = YES_AGGRESSIVE;
				GCC_WARN_UNUSED_FUNCTION = YES;
				GCC_WARN_UNUSED_VARIABLE = YES;
				IPHONEOS_DEPLOYMENT_TARGET = 15.5;
				MTL_ENABLE_DEBUG_INFO = NO;
				MTL_FAST_MATH = YES;
				SDKROOT = iphoneos;
				SWIFT_COMPILATION_MODE = wholemodule;
				SWIFT_OPTIMIZATION_LEVEL = "-O";
				VALIDATE_PRODUCT = YES;
			};
			name = Release;
		};
		8F3B4EDE288B51D800BB222D /* Debug */ = {
			isa = XCBuildConfiguration;
			buildSettings = {
				ASSETCATALOG_COMPILER_APPICON_NAME = AppIcon;
				ASSETCATALOG_COMPILER_GLOBAL_ACCENT_COLOR_NAME = AccentColor;
				CODE_SIGN_STYLE = Automatic;
				CURRENT_PROJECT_VERSION = 1;
				GENERATE_INFOPLIST_FILE = YES;
				INFOPLIST_FILE = LandmarkBook/Info.plist;
				INFOPLIST_KEY_UIApplicationSupportsIndirectInputEvents = YES;
				INFOPLIST_KEY_UILaunchStoryboardName = LaunchScreen;
				INFOPLIST_KEY_UIMainStoryboardFile = Main;
				INFOPLIST_KEY_UISupportedInterfaceOrientations_iPad = "UIInterfaceOrientationPortrait UIInterfaceOrientationPortraitUpsideDown UIInterfaceOrientationLandscapeLeft UIInterfaceOrientationLandscapeRight";
				INFOPLIST_KEY_UISupportedInterfaceOrientations_iPhone = "UIInterfaceOrientationPortrait UIInterfaceOrientationLandscapeLeft UIInterfaceOrientationLandscapeRight";
				LD_RUNPATH_SEARCH_PATHS = (
					"$(inherited)",
					"@executable_path/Frameworks",
				);
				MARKETING_VERSION = 1.0;
				PRODUCT_BUNDLE_IDENTIFIER = oguzhansever.LandmarkBook;
				PRODUCT_NAME = "$(TARGET_NAME)";
				SWIFT_EMIT_LOC_STRINGS = YES;
				SWIFT_VERSION = 5.0;
				TARGETED_DEVICE_FAMILY = "1,2";
			};
			name = Debug;
		};
		8F3B4EDF288B51D800BB222D /* Release */ = {
			isa = XCBuildConfiguration;
			buildSettings = {
				ASSETCATALOG_COMPILER_APPICON_NAME = AppIcon;
				ASSETCATALOG_COMPILER_GLOBAL_ACCENT_COLOR_NAME = AccentColor;
				CODE_SIGN_STYLE = Automatic;
				CURRENT_PROJECT_VERSION = 1;
				GENERATE_INFOPLIST_FILE = YES;
				INFOPLIST_FILE = LandmarkBook/Info.plist;
				INFOPLIST_KEY_UIApplicationSupportsIndirectInputEvents = YES;
				INFOPLIST_KEY_UILaunchStoryboardName = LaunchScreen;
				INFOPLIST_KEY_UIMainStoryboardFile = Main;
				INFOPLIST_KEY_UISupportedInterfaceOrientations_iPad = "UIInterfaceOrientationPortrait UIInterfaceOrientationPortraitUpsideDown UIInterfaceOrientationLandscapeLeft UIInterfaceOrientationLandscapeRight";
				INFOPLIST_KEY_UISupportedInterfaceOrientations_iPhone = "UIInterfaceOrientationPortrait UIInterfaceOrientationLandscapeLeft UIInterfaceOrientationLandscapeRight";
				LD_RUNPATH_SEARCH_PATHS = (
					"$(inherited)",
					"@executable_path/Frameworks",
				);
				MARKETING_VERSION = 1.0;
				PRODUCT_BUNDLE_IDENTIFIER = oguzhansever.LandmarkBook;
				PRODUCT_NAME = "$(TARGET_NAME)";
				SWIFT_EMIT_LOC_STRINGS = YES;
				SWIFT_VERSION = 5.0;
				TARGETED_DEVICE_FAMILY = "1,2";
			};
			name = Release;
		};
/* End XCBuildConfiguration section */

/* Begin XCConfigurationList section */
		8F3B4EC4288B51D600BB222D /* Build configuration list for PBXProject "LandmarkBook" */ = {
			isa = XCConfigurationList;
			buildConfigurations = (
				8F3B4EDB288B51D800BB222D /* Debug */,
				8F3B4EDC288B51D800BB222D /* Release */,
			);
			defaultConfigurationIsVisible = 0;
			defaultConfigurationName = Release;
		};
		8F3B4EDD288B51D800BB222D /* Build configuration list for PBXNativeTarget "LandmarkBook" */ = {
			isa = XCConfigurationList;
			buildConfigurations = (
				8F3B4EDE288B51D800BB222D /* Debug */,
				8F3B4EDF288B51D800BB222D /* Release */,
			);
			defaultConfigurationIsVisible = 0;
			defaultConfigurationName = Release;
		};
/* End XCConfigurationList section */
	};
	rootObject = 8F3B4EC1288B51D600BB222D /* Project object */;
}
